{
  "name": "@evobuild/cli",
  "version": "0.4.0",
  "lockfileVersion": 2,
  "requires": true,
  "packages": {
    "": {
      "name": "@evobuild/cli",
      "version": "0.4.0",
      "hasInstallScript": true,
      "dependencies": {
        "mkdirp": "^1.0.4"
      },
      "bin": {
        "evo": "bin/evo"
      }
    },
    "../../node_modules/.pnpm/mkdirp@1.0.4/node_modules/mkdirp": {
      "version": "1.0.4",
      "license": "MIT",
      "bin": {
        "mkdirp": "bin/cmd.js"
      },
      "devDependencies": {
        "require-inject": "^1.4.4",
        "tap": "^14.10.7"
      },
      "engines": {
        "node": ">=10"
      }
    },
    "node_modules/mkdirp": {
      "resolved": "../../node_modules/.pnpm/mkdirp@1.0.4/node_modules/mkdirp",
      "link": true
    }
  },
  "dependencies": {
    "mkdirp": {
      "version": "file:../../node_modules/.pnpm/mkdirp@1.0.4/node_modules/mkdirp",
      "requires": {
        "require-inject": "^1.4.4",
        "tap": "^14.10.7"
      }
    }
  }
}
